
Microsoft Visual Studio Solution File, Format Version 12.00
# Visual Studio Version 17
VisualStudioVersion = 17.2.32630.192
MinimumVisualStudioVersion = 10.0.40219.1
Project("{9A19103F-16F7-4668-BE54-9A1E7A4F7556}") = "ClassLibraryDAL", "ClassLibraryDAL\ClassLibraryDAL.csproj", "{EFB6183D-CDBC-4CC6-9A64-40648BF1B8DE}"
EndProject
Project("{9A19103F-16F7-4668-BE54-9A1E7A4F7556}") = "ClassLibraryEntities", "ClassLibraryEntities\ClassLibraryEntities.csproj", "{698E6DC7-57FE-46F2-99EC-D6A03DA299FF}"
EndProject
Project("{9A19103F-16F7-4668-BE54-9A1E7A4F7556}") = "Admin", "Admin\Admin.csproj", "{65F0155D-85C1-45F3-B890-0B42316A8A23}"
EndProject
Project("{9A19103F-16F7-4668-BE54-9A1E7A4F7556}") = "University", "University\University.csproj", "{B3035BFE-884B-4557-91ED-98C24595A9E8}"
EndProject
Project("{9A19103F-16F7-4668-BE54-9A1E7A4F7556}") = "User", "User\User.csproj", "{3CA2B97E-D15D-46C1-8E3A-FD3B08B579C8}"
EndProject
Global
	GlobalSection(SolutionConfigurationPlatforms) = preSolution
		Debug|Any CPU = Debug|Any CPU
		Release|Any CPU = Release|Any CPU
	EndGlobalSection
	GlobalSection(ProjectConfigurationPlatforms) = postSolution
		{EFB6183D-CDBC-4CC6-9A64-40648BF1B8DE}.Debug|Any CPU.ActiveCfg = Debug|Any CPU
		{EFB6183D-CDBC-4CC6-9A64-40648BF1B8DE}.Debug|Any CPU.Build.0 = Debug|Any CPU
		{EFB6183D-CDBC-4CC6-9A64-40648BF1B8DE}.Release|Any CPU.ActiveCfg = Release|Any CPU
		{EFB6183D-CDBC-4CC6-9A64-40648BF1B8DE}.Release|Any CPU.Build.0 = Release|Any CPU
		{698E6DC7-57FE-46F2-99EC-D6A03DA299FF}.Debug|Any CPU.ActiveCfg = Debug|Any CPU
		{698E6DC7-57FE-46F2-99EC-D6A03DA299FF}.Debug|Any CPU.Build.0 = Debug|Any CPU
		{698E6DC7-57FE-46F2-99EC-D6A03DA299FF}.Release|Any CPU.ActiveCfg = Release|Any CPU
		{698E6DC7-57FE-46F2-99EC-D6A03DA299FF}.Release|Any CPU.Build.0 = Release|Any CPU
		{65F0155D-85C1-45F3-B890-0B42316A8A23}.Debug|Any CPU.ActiveCfg = Debug|Any CPU
		{65F0155D-85C1-45F3-B890-0B42316A8A23}.Debug|Any CPU.Build.0 = Debug|Any CPU
		{65F0155D-85C1-45F3-B890-0B42316A8A23}.Release|Any CPU.ActiveCfg = Release|Any CPU
		{65F0155D-85C1-45F3-B890-0B42316A8A23}.Release|Any CPU.Build.0 = Release|Any CPU
		{B3035BFE-884B-4557-91ED-98C24595A9E8}.Debug|Any CPU.ActiveCfg = Debug|Any CPU
		{B3035BFE-884B-4557-91ED-98C24595A9E8}.Debug|Any CPU.Build.0 = Debug|Any CPU
		{B3035BFE-884B-4557-91ED-98C24595A9E8}.Release|Any CPU.ActiveCfg = Release|Any CPU
		{B3035BFE-884B-4557-91ED-98C24595A9E8}.Release|Any CPU.Build.0 = Release|Any CPU
		{3CA2B97E-D15D-46C1-8E3A-FD3B08B579C8}.Debug|Any CPU.ActiveCfg = Debug|Any CPU
		{3CA2B97E-D15D-46C1-8E3A-FD3B08B579C8}.Debug|Any CPU.Build.0 = Debug|Any CPU
		{3CA2B97E-D15D-46C1-8E3A-FD3B08B579C8}.Release|Any CPU.ActiveCfg = Release|Any CPU
		{3CA2B97E-D15D-46C1-8E3A-FD3B08B579C8}.Release|Any CPU.Build.0 = Release|Any CPU
	EndGlobalSection
	GlobalSection(SolutionProperties) = preSolution
		HideSolutionNode = FALSE
	EndGlobalSection
	GlobalSection(ExtensibilityGlobals) = postSolution
		SolutionGuid = {344D1F95-A2E1-4A14-8AB6-496E68EAD32D}
	EndGlobalSection
EndGlobal
